
Microsoft Visual Studio Solution File, Format Version 12.00
# Visual Studio Version 16
VisualStudioVersion = 16.0.29728.190
MinimumVisualStudioVersion = 10.0.40219.1
Project("{888888A0-9F3D-457C-B088-3A5042F75D52}") = "LAB_2_1", "LAB_2_1\LAB_2_1.pyproj", "{6383A0A2-0945-4296-8E3E-461C1D0A270B}"
EndProject
Project("{888888A0-9F3D-457C-B088-3A5042F75D52}") = "LAB_2_2", "LAB_2_2\LAB_2_2.pyproj", "{E5DEE013-E56E-4F09-B884-E413FD6D3CCB}"
EndProject
Global
	GlobalSection(SolutionConfigurationPlatforms) = preSolution
		Debug|Any CPU = Debug|Any CPU
		Release|Any CPU = Release|Any CPU
	EndGlobalSection
	GlobalSection(ProjectConfigurationPlatforms) = postSolution
		{6383A0A2-0945-4296-8E3E-461C1D0A270B}.Debug|Any CPU.ActiveCfg = Debug|Any CPU
		{6383A0A2-0945-4296-8E3E-461C1D0A270B}.Release|Any CPU.ActiveCfg = Release|Any CPU
		{E5DEE013-E56E-4F09-B884-E413FD6D3CCB}.Debug|Any CPU.ActiveCfg = Debug|Any CPU
		{E5DEE013-E56E-4F09-B884-E413FD6D3CCB}.Release|Any CPU.ActiveCfg = Release|Any CPU
	EndGlobalSection
	GlobalSection(SolutionProperties) = preSolution
		HideSolutionNode = FALSE
	EndGlobalSection
	GlobalSection(ExtensibilityGlobals) = postSolution
		SolutionGuid = {78E0AB05-A906-4212-9D54-6BC18FE4F306}
	EndGlobalSection
EndGlobal
